// !$*UTF8*$!
{
	archiveVersion = 1;
	classes = {
	};
	objectVersion = 55;
	objects = {

/* Begin PBXBuildFile section */
		3670FB4A28A667B10062D10D /* AppDelegate.swift in Sources */ = {isa = PBXBuildFile; fileRef = 3670FB4928A667B10062D10D /* AppDelegate.swift */; };
		3670FB4C28A667B10062D10D /* SceneDelegate.swift in Sources */ = {isa = PBXBuildFile; fileRef = 3670FB4B28A667B10062D10D /* SceneDelegate.swift */; };
		3670FB4E28A667B10062D10D /* ViewController.swift in Sources */ = {isa = PBXBuildFile; fileRef = 3670FB4D28A667B10062D10D /* ViewController.swift */; };
		3670FB5128A667B10062D10D /* Main.storyboard in Resources */ = {isa = PBXBuildFile; fileRef = 3670FB4F28A667B10062D10D /* Main.storyboard */; };
		3670FB5328A667B10062D10D /* Assets.xcassets in Resources */ = {isa = PBXBuildFile; fileRef = 3670FB5228A667B10062D10D /* Assets.xcassets */; };
		3670FB5628A667B10062D10D /* LaunchScreen.storyboard in Resources */ = {isa = PBXBuildFile; fileRef = 3670FB5428A667B10062D10D /* LaunchScreen.storyboard */; };
		3670FB6128A667B20062D10D /* CleanSwiftTestTaskTests.swift in Sources */ = {isa = PBXBuildFile; fileRef = 3670FB6028A667B20062D10D /* CleanSwiftTestTaskTests.swift */; };
		3670FB6B28A667B20062D10D /* CleanSwiftTestTaskUITests.swift in Sources */ = {isa = PBXBuildFile; fileRef = 3670FB6A28A667B20062D10D /* CleanSwiftTestTaskUITests.swift */; };
		3670FB6D28A667B20062D10D /* CleanSwiftTestTaskUITestsLaunchTests.swift in Sources */ = {isa = PBXBuildFile; fileRef = 3670FB6C28A667B20062D10D /* CleanSwiftTestTaskUITestsLaunchTests.swift */; };
/* End PBXBuildFile section */

/* Begin PBXContainerItemProxy section */
		3670FB5D28A667B20062D10D /* PBXContainerItemProxy */ = {
			isa = PBXContainerItemProxy;
			containerPortal = 3670FB3E28A667B10062D10D /* Project object */;
			proxyType = 1;
			remoteGlobalIDString = 3670FB4528A667B10062D10D;
			remoteInfo = CleanSwiftTestTask;
		};
		3670FB6728A667B20062D10D /* PBXContainerItemProxy */ = {
			isa = PBXContainerItemProxy;
			containerPortal = 3670FB3E28A667B10062D10D /* Project object */;
			proxyType = 1;
			remoteGlobalIDString = 3670FB4528A667B10062D10D;
			remoteInfo = CleanSwiftTestTask;
		};
/* End PBXContainerItemProxy section */

/* Begin PBXFileReference section */
		3670FB4628A667B10062D10D /* CleanSwiftTestTask.app */ = {isa = PBXFileReference; explicitFileType = wrapper.application; includeInIndex = 0; path = CleanSwiftTestTask.app; sourceTree = BUILT_PRODUCTS_DIR; };
		3670FB4928A667B10062D10D /* AppDelegate.swift */ = {isa = PBXFileReference; lastKnownFileType = sourcecode.swift; path = AppDelegate.swift; sourceTree = "<group>"; };
		3670FB4B28A667B10062D10D /* SceneDelegate.swift */ = {isa = PBXFileReference; lastKnownFileType = sourcecode.swift; path = SceneDelegate.swift; sourceTree = "<group>"; };
		3670FB4D28A667B10062D10D /* ViewController.swift */ = {isa = PBXFileReference; lastKnownFileType = sourcecode.swift; path = ViewController.swift; sourceTree = "<group>"; };
		3670FB5028A667B10062D10D /* Base */ = {isa = PBXFileReference; lastKnownFileType = file.storyboard; name = Base; path = Base.lproj/Main.storyboard; sourceTree = "<group>"; };
		3670FB5228A667B10062D10D /* Assets.xcassets */ = {isa = PBXFileReference; lastKnownFileType = folder.assetcatalog; path = Assets.xcassets; sourceTree = "<group>"; };
		3670FB5528A667B10062D10D /* Base */ = {isa = PBXFileReference; lastKnownFileType = file.storyboard; name = Base; path = Base.lproj/LaunchScreen.storyboard; sourceTree = "<group>"; };
		3670FB5728A667B10062D10D /* Info.plist */ = {isa = PBXFileReference; lastKnownFileType = text.plist.xml; path = Info.plist; sourceTree = "<group>"; };
		3670FB5C28A667B20062D10D /* CleanSwiftTestTaskTests.xctest */ = {isa = PBXFileReference; explicitFileType = wrapper.cfbundle; includeInIndex = 0; path = CleanSwiftTestTaskTests.xctest; sourceTree = BUILT_PRODUCTS_DIR; };
		3670FB6028A667B20062D10D /* CleanSwiftTestTaskTests.swift */ = {isa = PBXFileReference; lastKnownFileType = sourcecode.swift; path = CleanSwiftTestTaskTests.swift; sourceTree = "<group>"; };
		3670FB6628A667B20062D10D /* CleanSwiftTestTaskUITests.xctest */ = {isa = PBXFileReference; explicitFileType = wrapper.cfbundle; includeInIndex = 0; path = CleanSwiftTestTaskUITests.xctest; sourceTree = BUILT_PRODUCTS_DIR; };
		3670FB6A28A667B20062D10D /* CleanSwiftTestTaskUITests.swift */ = {isa = PBXFileReference; lastKnownFileType = sourcecode.swift; path = CleanSwiftTestTaskUITests.swift; sourceTree = "<group>"; };
		3670FB6C28A667B20062D10D /* CleanSwiftTestTaskUITestsLaunchTests.swift */ = {isa = PBXFileReference; lastKnownFileType = sourcecode.swift; path = CleanSwiftTestTaskUITestsLaunchTests.swift; sourceTree = "<group>"; };
/* End PBXFileReference section */

/* Begin PBXFrameworksBuildPhase section */
		3670FB4328A667B10062D10D /* Frameworks */ = {
			isa = PBXFrameworksBuildPhase;
			buildActionMask = 2147483647;
			files = (
			);
			runOnlyForDeploymentPostprocessing = 0;
		};
		3670FB5928A667B20062D10D /* Frameworks */ = {
			isa = PBXFrameworksBuildPhase;
			buildActionMask = 2147483647;
			files = (
			);
			runOnlyForDeploymentPostprocessing = 0;
		};
		3670FB6328A667B20062D10D /* Frameworks */ = {
			isa = PBXFrameworksBuildPhase;
			buildActionMask = 2147483647;
			files = (
			);
			runOnlyForDeploymentPostprocessing = 0;
		};
/* End PBXFrameworksBuildPhase section */

/* Begin PBXGroup section */
		3670FB3D28A667B10062D10D = {
			isa = PBXGroup;
			children = (
				3670FB4828A667B10062D10D /* CleanSwiftTestTask */,
				3670FB5F28A667B20062D10D /* CleanSwiftTestTaskTests */,
				3670FB6928A667B20062D10D /* CleanSwiftTestTaskUITests */,
				3670FB4728A667B10062D10D /* Products */,
			);
			sourceTree = "<group>";
		};
		3670FB4728A667B10062D10D /* Products */ = {
			isa = PBXGroup;
			children = (
				3670FB4628A667B10062D10D /* CleanSwiftTestTask.app */,
				3670FB5C28A667B20062D10D /* CleanSwiftTestTaskTests.xctest */,
				3670FB6628A667B20062D10D /* CleanSwiftTestTaskUITests.xctest */,
			);
			name = Products;
			sourceTree = "<group>";
		};
		3670FB4828A667B10062D10D /* CleanSwiftTestTask */ = {
			isa = PBXGroup;
			children = (
				3670FB4928A667B10062D10D /* AppDelegate.swift */,
				3670FB4B28A667B10062D10D /* SceneDelegate.swift */,
				3670FB4D28A667B10062D10D /* ViewController.swift */,
				3670FB4F28A667B10062D10D /* Main.storyboard */,
				3670FB5228A667B10062D10D /* Assets.xcassets */,
				3670FB5428A667B10062D10D /* LaunchScreen.storyboard */,
				3670FB5728A667B10062D10D /* Info.plist */,
			);
			path = CleanSwiftTestTask;
			sourceTree = "<group>";
		};
		3670FB5F28A667B20062D10D /* CleanSwiftTestTaskTests */ = {
			isa = PBXGroup;
			children = (
				3670FB6028A667B20062D10D /* CleanSwiftTestTaskTests.swift */,
			);
			path = CleanSwiftTestTaskTests;
			sourceTree = "<group>";
		};
		3670FB6928A667B20062D10D /* CleanSwiftTestTaskUITests */ = {
			isa = PBXGroup;
			children = (
				3670FB6A28A667B20062D10D /* CleanSwiftTestTaskUITests.swift */,
				3670FB6C28A667B20062D10D /* CleanSwiftTestTaskUITestsLaunchTests.swift */,
			);
			path = CleanSwiftTestTaskUITests;
			sourceTree = "<group>";
		};
/* End PBXGroup section */

/* Begin PBXNativeTarget section */
		3670FB4528A667B10062D10D /* CleanSwiftTestTask */ = {
			isa = PBXNativeTarget;
			buildConfigurationList = 3670FB7028A667B20062D10D /* Build configuration list for PBXNativeTarget "CleanSwiftTestTask" */;
			buildPhases = (
				3670FB4228A667B10062D10D /* Sources */,
				3670FB4328A667B10062D10D /* Frameworks */,
				3670FB4428A667B10062D10D /* Resources */,
			);
			buildRules = (
			);
			dependencies = (
			);
			name = CleanSwiftTestTask;
			productName = CleanSwiftTestTask;
			productReference = 3670FB4628A667B10062D10D /* CleanSwiftTestTask.app */;
			productType = "com.apple.product-type.application";
		};
		3670FB5B28A667B20062D10D /* CleanSwiftTestTaskTests */ = {
			isa = PBXNativeTarget;
			buildConfigurationList = 3670FB7328A667B20062D10D /* Build configuration list for PBXNativeTarget "CleanSwiftTestTaskTests" */;
			buildPhases = (
				3670FB5828A667B20062D10D /* Sources */,
				3670FB5928A667B20062D10D /* Frameworks */,
				3670FB5A28A667B20062D10D /* Resources */,
			);
			buildRules = (
			);
			dependencies = (
				3670FB5E28A667B20062D10D /* PBXTargetDependency */,
			);
			name = CleanSwiftTestTaskTests;
			productName = CleanSwiftTestTaskTests;
			productReference = 3670FB5C28A667B20062D10D /* CleanSwiftTestTaskTests.xctest */;
			productType = "com.apple.product-type.bundle.unit-test";
		};
		3670FB6528A667B20062D10D /* CleanSwiftTestTaskUITests */ = {
			isa = PBXNativeTarget;
			buildConfigurationList = 3670FB7628A667B20062D10D /* Build configuration list for PBXNativeTarget "CleanSwiftTestTaskUITests" */;
			buildPhases = (
				3670FB6228A667B20062D10D /* Sources */,
				3670FB6328A667B20062D10D /* Frameworks */,
				3670FB6428A667B20062D10D /* Resources */,
			);
			buildRules = (
			);
			dependencies = (
				3670FB6828A667B20062D10D /* PBXTargetDependency */,
			);
			name = CleanSwiftTestTaskUITests;
			productName = CleanSwiftTestTaskUITests;
			productReference = 3670FB6628A667B20062D10D /* CleanSwiftTestTaskUITests.xctest */;
			productType = "com.apple.product-type.bundle.ui-testing";
		};
/* End PBXNativeTarget section */

/* Begin PBXProject section */
		3670FB3E28A667B10062D10D /* Project object */ = {
			isa = PBXProject;
			attributes = {
				BuildIndependentTargetsInParallel = 1;
				LastSwiftUpdateCheck = 1340;
				LastUpgradeCheck = 1340;
				TargetAttributes = {
					3670FB4528A667B10062D10D = {
						CreatedOnToolsVersion = 13.4.1;
					};
					3670FB5B28A667B20062D10D = {
						CreatedOnToolsVersion = 13.4.1;
						TestTargetID = 3670FB4528A667B10062D10D;
					};
					3670FB6528A667B20062D10D = {
						CreatedOnToolsVersion = 13.4.1;
						TestTargetID = 3670FB4528A667B10062D10D;
					};
				};
			};
			buildConfigurationList = 3670FB4128A667B10062D10D /* Build configuration list for PBXProject "CleanSwiftTestTask" */;
			compatibilityVersion = "Xcode 13.0";
			developmentRegion = en;
			hasScannedForEncodings = 0;
			knownRegions = (
				en,
				Base,
			);
			mainGroup = 3670FB3D28A667B10062D10D;
			productRefGroup = 3670FB4728A667B10062D10D /* Products */;
			projectDirPath = "";
			projectRoot = "";
			targets = (
				3670FB4528A667B10062D10D /* CleanSwiftTestTask */,
				3670FB5B28A667B20062D10D /* CleanSwiftTestTaskTests */,
				3670FB6528A667B20062D10D /* CleanSwiftTestTaskUITests */,
			);
		};
/* End PBXProject section */

/* Begin PBXResourcesBuildPhase section */
		3670FB4428A667B10062D10D /* Resources */ = {
			isa = PBXResourcesBuildPhase;
			buildActionMask = 2147483647;
			files = (
				3670FB5628A667B10062D10D /* LaunchScreen.storyboard in Resources */,
				3670FB5328A667B10062D10D /* Assets.xcassets in Resources */,
				3670FB5128A667B10062D10D /* Main.storyboard in Resources */,
			);
			runOnlyForDeploymentPostprocessing = 0;
		};
		3670FB5A28A667B20062D10D /* Resources */ = {
			isa = PBXResourcesBuildPhase;
			buildActionMask = 2147483647;
			files = (
			);
			runOnlyForDeploymentPostprocessing = 0;
		};
		3670FB6428A667B20062D10D /* Resources */ = {
			isa = PBXResourcesBuildPhase;
			buildActionMask = 2147483647;
			files = (
			);
			runOnlyForDeploymentPostprocessing = 0;
		};
/* End PBXResourcesBuildPhase section */

/* Begin PBXSourcesBuildPhase section */
		3670FB4228A667B10062D10D /* Sources */ = {
			isa = PBXSourcesBuildPhase;
			buildActionMask = 2147483647;
			files = (
				3670FB4E28A667B10062D10D /* ViewController.swift in Sources */,
				3670FB4A28A667B10062D10D /* AppDelegate.swift in Sources */,
				3670FB4C28A667B10062D10D /* SceneDelegate.swift in Sources */,
			);
			runOnlyForDeploymentPostprocessing = 0;
		};
		3670FB5828A667B20062D10D /* Sources */ = {
			isa = PBXSourcesBuildPhase;
			buildActionMask = 2147483647;
			files = (
				3670FB6128A667B20062D10D /* CleanSwiftTestTaskTests.swift in Sources */,
			);
			runOnlyForDeploymentPostprocessing = 0;
		};
		3670FB6228A667B20062D10D /* Sources */ = {
			isa = PBXSourcesBuildPhase;
			buildActionMask = 2147483647;
			files = (
				3670FB6B28A667B20062D10D /* CleanSwiftTestTaskUITests.swift in Sources */,
				3670FB6D28A667B20062D10D /* CleanSwiftTestTaskUITestsLaunchTests.swift in Sources */,
			);
			runOnlyForDeploymentPostprocessing = 0;
		};
/* End PBXSourcesBuildPhase section */

/* Begin PBXTargetDependency section */
		3670FB5E28A667B20062D10D /* PBXTargetDependency */ = {
			isa = PBXTargetDependency;
			target = 3670FB4528A667B10062D10D /* CleanSwiftTestTask */;
			targetProxy = 3670FB5D28A667B20062D10D /* PBXContainerItemProxy */;
		};
		3670FB6828A667B20062D10D /* PBXTargetDependency */ = {
			isa = PBXTargetDependency;
			target = 3670FB4528A667B10062D10D /* CleanSwiftTestTask */;
			targetProxy = 3670FB6728A667B20062D10D /* PBXContainerItemProxy */;
		};
/* End PBXTargetDependency section */

/* Begin PBXVariantGroup section */
		3670FB4F28A667B10062D10D /* Main.storyboard */ = {
			isa = PBXVariantGroup;
			children = (
				3670FB5028A667B10062D10D /* Base */,
			);
			name = Main.storyboard;
			sourceTree = "<group>";
		};
		3670FB5428A667B10062D10D /* LaunchScreen.storyboard */ = {
			isa = PBXVariantGroup;
			children = (
				3670FB5528A667B10062D10D /* Base */,
			);
			name = LaunchScreen.storyboard;
			sourceTree = "<group>";
		};
/* End PBXVariantGroup section */

/* Begin XCBuildConfiguration section */
		3670FB6E28A667B20062D10D /* Debug */ = {
			isa = XCBuildConfiguration;
			buildSettings = {
				ALWAYS_SEARCH_USER_PATHS = NO;
				CLANG_ANALYZER_NONNULL = YES;
				CLANG_ANALYZER_NUMBER_OBJECT_CONVERSION = YES_AGGRESSIVE;
				CLANG_CXX_LANGUAGE_STANDARD = "gnu++17";
				CLANG_ENABLE_MODULES = YES;
				CLANG_ENABLE_OBJC_ARC = YES;
				CLANG_ENABLE_OBJC_WEAK = YES;
				CLANG_WARN_BLOCK_CAPTURE_AUTORELEASING = YES;
				CLANG_WARN_BOOL_CONVERSION = YES;
				CLANG_WARN_COMMA = YES;
				CLANG_WARN_CONSTANT_CONVERSION = YES;
				CLANG_WARN_DEPRECATED_OBJC_IMPLEMENTATIONS = YES;
				CLANG_WARN_DIRECT_OBJC_ISA_USAGE = YES_ERROR;
				CLANG_WARN_DOCUMENTATION_COMMENTS = YES;
				CLANG_WARN_EMPTY_BODY = YES;
				CLANG_WARN_ENUM_CONVERSION = YES;
				CLANG_WARN_INFINITE_RECURSION = YES;
				CLANG_WARN_INT_CONVERSION = YES;
				CLANG_WARN_NON_LITERAL_NULL_CONVERSION = YES;
				CLANG_WARN_OBJC_IMPLICIT_RETAIN_SELF = YES;
				CLANG_WARN_OBJC_LITERAL_CONVERSION = YES;
				CLANG_WARN_OBJC_ROOT_CLASS = YES_ERROR;
				CLANG_WARN_QUOTED_INCLUDE_IN_FRAMEWORK_HEADER = YES;
				CLANG_WARN_RANGE_LOOP_ANALYSIS = YES;
				CLANG_WARN_STRICT_PROTOTYPES = YES;
				CLANG_WARN_SUSPICIOUS_MOVE = YES;
				CLANG_WARN_UNGUARDED_AVAILABILITY = YES_AGGRESSIVE;
				CLANG_WARN_UNREACHABLE_CODE = YES;
				CLANG_WARN__DUPLICATE_METHOD_MATCH = YES;
				COPY_PHASE_STRIP = NO;
				DEBUG_INFORMATION_FORMAT = dwarf;
				ENABLE_STRICT_OBJC_MSGSEND = YES;
				ENABLE_TESTABILITY = YES;
				GCC_C_LANGUAGE_STANDARD = gnu11;
				GCC_DYNAMIC_NO_PIC = NO;
				GCC_NO_COMMON_BLOCKS = YES;
				GCC_OPTIMIZATION_LEVEL = 0;
				GCC_PREPROCESSOR_DEFINITIONS = (
					"DEBUG=1",
					"$(inherited)",
				);
				GCC_WARN_64_TO_32_BIT_CONVERSION = YES;
				GCC_WARN_ABOUT_RETURN_TYPE = YES_ERROR;
				GCC_WARN_UNDECLARED_SELECTOR = YES;
				GCC_WARN_UNINITIALIZED_AUTOS = YES_AGGRESSIVE;
				GCC_WARN_UNUSED_FUNCTION = YES;
				GCC_WARN_UNUSED_VARIABLE = YES;
				IPHONEOS_DEPLOYMENT_TARGET = 15.5;
				MTL_ENABLE_DEBUG_INFO = INCLUDE_SOURCE;
				MTL_FAST_MATH = YES;
				ONLY_ACTIVE_ARCH = YES;
				SDKROOT = iphoneos;
				SWIFT_ACTIVE_COMPILATION_CONDITIONS = DEBUG;
				SWIFT_OPTIMIZATION_LEVEL = "-Onone";
			};
			name = Debug;
		};
		3670FB6F28A667B20062D10D /* Release */ = {
			isa = XCBuildConfiguration;
			buildSettings = {
				ALWAYS_SEARCH_USER_PATHS = NO;
				CLANG_ANALYZER_NONNULL = YES;
				CLANG_ANALYZER_NUMBER_OBJECT_CONVERSION = YES_AGGRESSIVE;
				CLANG_CXX_LANGUAGE_STANDARD = "gnu++17";
				CLANG_ENABLE_MODULES = YES;
				CLANG_ENABLE_OBJC_ARC = YES;
				CLANG_ENABLE_OBJC_WEAK = YES;
				CLANG_WARN_BLOCK_CAPTURE_AUTORELEASING = YES;
				CLANG_WARN_BOOL_CONVERSION = YES;
				CLANG_WARN_COMMA = YES;
				CLANG_WARN_CONSTANT_CONVERSION = YES;
				CLANG_WARN_DEPRECATED_OBJC_IMPLEMENTATIONS = YES;
				CLANG_WARN_DIRECT_OBJC_ISA_USAGE = YES_ERROR;
				CLANG_WARN_DOCUMENTATION_COMMENTS = YES;
				CLANG_WARN_EMPTY_BODY = YES;
				CLANG_WARN_ENUM_CONVERSION = YES;
				CLANG_WARN_INFINITE_RECURSION = YES;
				CLANG_WARN_INT_CONVERSION = YES;
				CLANG_WARN_NON_LITERAL_NULL_CONVERSION = YES;
				CLANG_WARN_OBJC_IMPLICIT_RETAIN_SELF = YES;
				CLANG_WARN_OBJC_LITERAL_CONVERSION = YES;
				CLANG_WARN_OBJC_ROOT_CLASS = YES_ERROR;
				CLANG_WARN_QUOTED_INCLUDE_IN_FRAMEWORK_HEADER = YES;
				CLANG_WARN_RANGE_LOOP_ANALYSIS = YES;
				CLANG_WARN_STRICT_PROTOTYPES = YES;
				CLANG_WARN_SUSPICIOUS_MOVE = YES;
				CLANG_WARN_UNGUARDED_AVAILABILITY = YES_AGGRESSIVE;
				CLANG_WARN_UNREACHABLE_CODE = YES;
				CLANG_WARN__DUPLICATE_METHOD_MATCH = YES;
				COPY_PHASE_STRIP = NO;
				DEBUG_INFORMATION_FORMAT = "dwarf-with-dsym";
				ENABLE_NS_ASSERTIONS = NO;
				ENABLE_STRICT_OBJC_MSGSEND = YES;
				GCC_C_LANGUAGE_STANDARD = gnu11;
				GCC_NO_COMMON_BLOCKS = YES;
				GCC_WARN_64_TO_32_BIT_CONVERSION = YES;
				GCC_WARN_ABOUT_RETURN_TYPE = YES_ERROR;
				GCC_WARN_UNDECLARED_SELECTOR = YES;
				GCC_WARN_UNINITIALIZED_AUTOS = YES_AGGRESSIVE;
				GCC_WARN_UNUSED_FUNCTION = YES;
				GCC_WARN_UNUSED_VARIABLE = YES;
				IPHONEOS_DEPLOYMENT_TARGET = 15.5;
				MTL_ENABLE_DEBUG_INFO = NO;
				MTL_FAST_MATH = YES;
				SDKROOT = iphoneos;
				SWIFT_COMPILATION_MODE = wholemodule;
				SWIFT_OPTIMIZATION_LEVEL = "-O";
				VALIDATE_PRODUCT = YES;
			};
			name = Release;
		};
		3670FB7128A667B20062D10D /* Debug */ = {
			isa = XCBuildConfiguration;
			buildSettings = {
				ASSETCATALOG_COMPILER_APPICON_NAME = AppIcon;
				ASSETCATALOG_COMPILER_GLOBAL_ACCENT_COLOR_NAME = AccentColor;
				CODE_SIGN_STYLE = Automatic;
				CURRENT_PROJECT_VERSION = 1;
				GENERATE_INFOPLIST_FILE = YES;
				INFOPLIST_FILE = CleanSwiftTestTask/Info.plist;
				INFOPLIST_KEY_UIApplicationSupportsIndirectInputEvents = YES;
				INFOPLIST_KEY_UILaunchStoryboardName = LaunchScreen;
				INFOPLIST_KEY_UIMainStoryboardFile = Main;
				INFOPLIST_KEY_UISupportedInterfaceOrientations_iPad = "UIInterfaceOrientationPortrait UIInterfaceOrientationPortraitUpsideDown UIInterfaceOrientationLandscapeLeft UIInterfaceOrientationLandscapeRight";
				INFOPLIST_KEY_UISupportedInterfaceOrientations_iPhone = "UIInterfaceOrientationPortrait UIInterfaceOrientationLandscapeLeft UIInterfaceOrientationLandscapeRight";
				LD_RUNPATH_SEARCH_PATHS = (
					"$(inherited)",
					"@executable_path/Frameworks",
				);
				MARKETING_VERSION = 1.0;
				PRODUCT_BUNDLE_IDENTIFIER = vladNovik.CleanSwiftTestTask;
				PRODUCT_NAME = "$(TARGET_NAME)";
				SWIFT_EMIT_LOC_STRINGS = YES;
				SWIFT_VERSION = 5.0;
				TARGETED_DEVICE_FAMILY = "1,2";
			};
			name = Debug;
		};
		3670FB7228A667B20062D10D /* Release */ = {
			isa = XCBuildConfiguration;
			buildSettings = {
				ASSETCATALOG_COMPILER_APPICON_NAME = AppIcon;
				ASSETCATALOG_COMPILER_GLOBAL_ACCENT_COLOR_NAME = AccentColor;
				CODE_SIGN_STYLE = Automatic;
				CURRENT_PROJECT_VERSION = 1;
				GENERATE_INFOPLIST_FILE = YES;
				INFOPLIST_FILE = CleanSwiftTestTask/Info.plist;
				INFOPLIST_KEY_UIApplicationSupportsIndirectInputEvents = YES;
				INFOPLIST_KEY_UILaunchStoryboardName = LaunchScreen;
				INFOPLIST_KEY_UIMainStoryboardFile = Main;
				INFOPLIST_KEY_UISupportedInterfaceOrientations_iPad = "UIInterfaceOrientationPortrait UIInterfaceOrientationPortraitUpsideDown UIInterfaceOrientationLandscapeLeft UIInterfaceOrientationLandscapeRight";
				INFOPLIST_KEY_UISupportedInterfaceOrientations_iPhone = "UIInterfaceOrientationPortrait UIInterfaceOrientationLandscapeLeft UIInterfaceOrientationLandscapeRight";
				LD_RUNPATH_SEARCH_PATHS = (
					"$(inherited)",
					"@executable_path/Frameworks",
				);
				MARKETING_VERSION = 1.0;
				PRODUCT_BUNDLE_IDENTIFIER = vladNovik.CleanSwiftTestTask;
				PRODUCT_NAME = "$(TARGET_NAME)";
				SWIFT_EMIT_LOC_STRINGS = YES;
				SWIFT_VERSION = 5.0;
				TARGETED_DEVICE_FAMILY = "1,2";
			};
			name = Release;
		};
		3670FB7428A667B20062D10D /* Debug */ = {
			isa = XCBuildConfiguration;
			buildSettings = {
				ALWAYS_EMBED_SWIFT_STANDARD_LIBRARIES = YES;
				BUNDLE_LOADER = "$(TEST_HOST)";
				CODE_SIGN_STYLE = Automatic;
				CURRENT_PROJECT_VERSION = 1;
				GENERATE_INFOPLIST_FILE = YES;
				IPHONEOS_DEPLOYMENT_TARGET = 15.5;
				MARKETING_VERSION = 1.0;
				PRODUCT_BUNDLE_IDENTIFIER = vladNovik.CleanSwiftTestTaskTests;
				PRODUCT_NAME = "$(TARGET_NAME)";
				SWIFT_EMIT_LOC_STRINGS = NO;
				SWIFT_VERSION = 5.0;
				TARGETED_DEVICE_FAMILY = "1,2";
				TEST_HOST = "$(BUILT_PRODUCTS_DIR)/CleanSwiftTestTask.app/CleanSwiftTestTask";
			};
			name = Debug;
		};
		3670FB7528A667B20062D10D /* Release */ = {
			isa = XCBuildConfiguration;
			buildSettings = {
				ALWAYS_EMBED_SWIFT_STANDARD_LIBRARIES = YES;
				BUNDLE_LOADER = "$(TEST_HOST)";
				CODE_SIGN_STYLE = Automatic;
				CURRENT_PROJECT_VERSION = 1;
				GENERATE_INFOPLIST_FILE = YES;
				IPHONEOS_DEPLOYMENT_TARGET = 15.5;
				MARKETING_VERSION = 1.0;
				PRODUCT_BUNDLE_IDENTIFIER = vladNovik.CleanSwiftTestTaskTests;
				PRODUCT_NAME = "$(TARGET_NAME)";
				SWIFT_EMIT_LOC_STRINGS = NO;
				SWIFT_VERSION = 5.0;
				TARGETED_DEVICE_FAMILY = "1,2";
				TEST_HOST = "$(BUILT_PRODUCTS_DIR)/CleanSwiftTestTask.app/CleanSwiftTestTask";
			};
			name = Release;
		};
		3670FB7728A667B20062D10D /* Debug */ = {
			isa = XCBuildConfiguration;
			buildSettings = {
				ALWAYS_EMBED_SWIFT_STANDARD_LIBRARIES = YES;
				CODE_SIGN_STYLE = Automatic;
				CURRENT_PROJECT_VERSION = 1;
				GENERATE_INFOPLIST_FILE = YES;
				MARKETING_VERSION = 1.0;
				PRODUCT_BUNDLE_IDENTIFIER = vladNovik.CleanSwiftTestTaskUITests;
				PRODUCT_NAME = "$(TARGET_NAME)";
				SWIFT_EMIT_LOC_STRINGS = NO;
				SWIFT_VERSION = 5.0;
				TARGETED_DEVICE_FAMILY = "1,2";
				TEST_TARGET_NAME = CleanSwiftTestTask;
			};
			name = Debug;
		};
		3670FB7828A667B20062D10D /* Release */ = {
			isa = XCBuildConfiguration;
			buildSettings = {
				ALWAYS_EMBED_SWIFT_STANDARD_LIBRARIES = YES;
				CODE_SIGN_STYLE = Automatic;
				CURRENT_PROJECT_VERSION = 1;
				GENERATE_INFOPLIST_FILE = YES;
				MARKETING_VERSION = 1.0;
				PRODUCT_BUNDLE_IDENTIFIER = vladNovik.CleanSwiftTestTaskUITests;
				PRODUCT_NAME = "$(TARGET_NAME)";
				SWIFT_EMIT_LOC_STRINGS = NO;
				SWIFT_VERSION = 5.0;
				TARGETED_DEVICE_FAMILY = "1,2";
				TEST_TARGET_NAME = CleanSwiftTestTask;
			};
			name = Release;
		};
/* End XCBuildConfiguration section */

/* Begin XCConfigurationList section */
		3670FB4128A667B10062D10D /* Build configuration list for PBXProject "CleanSwiftTestTask" */ = {
			isa = XCConfigurationList;
			buildConfigurations = (
				3670FB6E28A667B20062D10D /* Debug */,
				3670FB6F28A667B20062D10D /* Release */,
			);
			defaultConfigurationIsVisible = 0;
			defaultConfigurationName = Release;
		};
		3670FB7028A667B20062D10D /* Build configuration list for PBXNativeTarget "CleanSwiftTestTask" */ = {
			isa = XCConfigurationList;
			buildConfigurations = (
				3670FB7128A667B20062D10D /* Debug */,
				3670FB7228A667B20062D10D /* Release */,
			);
			defaultConfigurationIsVisible = 0;
			defaultConfigurationName = Release;
		};
		3670FB7328A667B20062D10D /* Build configuration list for PBXNativeTarget "CleanSwiftTestTaskTests" */ = {
			isa = XCConfigurationList;
			buildConfigurations = (
				3670FB7428A667B20062D10D /* Debug */,
				3670FB7528A667B20062D10D /* Release */,
			);
			defaultConfigurationIsVisible = 0;
			defaultConfigurationName = Release;
		};
		3670FB7628A667B20062D10D /* Build configuration list for PBXNativeTarget "CleanSwiftTestTaskUITests" */ = {
			isa = XCConfigurationList;
			buildConfigurations = (
				3670FB7728A667B20062D10D /* Debug */,
				3670FB7828A667B20062D10D /* Release */,
			);
			defaultConfigurationIsVisible = 0;
			defaultConfigurationName = Release;
		};
/* End XCConfigurationList section */
	};
	rootObject = 3670FB3E28A667B10062D10D /* Project object */;
}
