// !$*UTF8*$!
{
	archiveVersion = 1;
	classes = {
	};
	objectVersion = 55;
	objects = {

/* Begin PBXBuildFile section */
		3670FB4A28A667B10062D10D /* AppDelegate.swift in Sources */ = {isa = PBXBuildFile; fileRef = 3670FB4928A667B10062D10D /* AppDelegate.swift */; };
		3670FB4C28A667B10062D10D /* SceneDelegate.swift in Sources */ = {isa = PBXBuildFile; fileRef = 3670FB4B28A667B10062D10D /* SceneDelegate.swift */; };
		3670FB5328A667B10062D10D /* Assets.xcassets in Resources */ = {isa = PBXBuildFile; fileRef = 3670FB5228A667B10062D10D /* Assets.xcassets */; };
		3670FB5628A667B10062D10D /* LaunchScreen.storyboard in Resources */ = {isa = PBXBuildFile; fileRef = 3670FB5428A667B10062D10D /* LaunchScreen.storyboard */; };
		3670FB6128A667B20062D10D /* CleanSwiftTestTaskTests.swift in Sources */ = {isa = PBXBuildFile; fileRef = 3670FB6028A667B20062D10D /* CleanSwiftTestTaskTests.swift */; };
		3670FB6B28A667B20062D10D /* CleanSwiftTestTaskUITests.swift in Sources */ = {isa = PBXBuildFile; fileRef = 3670FB6A28A667B20062D10D /* CleanSwiftTestTaskUITests.swift */; };
		3670FB6D28A667B20062D10D /* CleanSwiftTestTaskUITestsLaunchTests.swift in Sources */ = {isa = PBXBuildFile; fileRef = 3670FB6C28A667B20062D10D /* CleanSwiftTestTaskUITestsLaunchTests.swift */; };
		3670FB8628A668A60062D10D /* MainPresenter.swift in Sources */ = {isa = PBXBuildFile; fileRef = 3670FB7E28A668A60062D10D /* MainPresenter.swift */; };
		3670FB8728A668A60062D10D /* MainWorker.swift in Sources */ = {isa = PBXBuildFile; fileRef = 3670FB7F28A668A60062D10D /* MainWorker.swift */; };
		3670FB8828A668A60062D10D /* MainRouter.swift in Sources */ = {isa = PBXBuildFile; fileRef = 3670FB8028A668A60062D10D /* MainRouter.swift */; };
		3670FB8928A668A60062D10D /* MainModels.swift in Sources */ = {isa = PBXBuildFile; fileRef = 3670FB8128A668A60062D10D /* MainModels.swift */; };
		3670FB8A28A668A60062D10D /* MainViewController.swift in Sources */ = {isa = PBXBuildFile; fileRef = 3670FB8228A668A60062D10D /* MainViewController.swift */; };
		3670FB8B28A668A60062D10D /* MainProtocols.swift in Sources */ = {isa = PBXBuildFile; fileRef = 3670FB8328A668A60062D10D /* MainProtocols.swift */; };
		3670FB8C28A668A60062D10D /* MainAssembly.swift in Sources */ = {isa = PBXBuildFile; fileRef = 3670FB8428A668A60062D10D /* MainAssembly.swift */; };
		3670FB8D28A668A60062D10D /* MainInteractor.swift in Sources */ = {isa = PBXBuildFile; fileRef = 3670FB8528A668A60062D10D /* MainInteractor.swift */; };
		3670FB9628A668B00062D10D /* DetailPresenter.swift in Sources */ = {isa = PBXBuildFile; fileRef = 3670FB8E28A668B00062D10D /* DetailPresenter.swift */; };
		3670FB9728A668B00062D10D /* DetailWorker.swift in Sources */ = {isa = PBXBuildFile; fileRef = 3670FB8F28A668B00062D10D /* DetailWorker.swift */; };
		3670FB9828A668B00062D10D /* DetailRouter.swift in Sources */ = {isa = PBXBuildFile; fileRef = 3670FB9028A668B00062D10D /* DetailRouter.swift */; };
		3670FB9928A668B00062D10D /* DetailModels.swift in Sources */ = {isa = PBXBuildFile; fileRef = 3670FB9128A668B00062D10D /* DetailModels.swift */; };
		3670FB9A28A668B00062D10D /* DetailViewController.swift in Sources */ = {isa = PBXBuildFile; fileRef = 3670FB9228A668B00062D10D /* DetailViewController.swift */; };
		3670FB9B28A668B00062D10D /* DetailProtocols.swift in Sources */ = {isa = PBXBuildFile; fileRef = 3670FB9328A668B00062D10D /* DetailProtocols.swift */; };
		3670FB9C28A668B00062D10D /* DetailAssembly.swift in Sources */ = {isa = PBXBuildFile; fileRef = 3670FB9428A668B00062D10D /* DetailAssembly.swift */; };
		3670FB9D28A668B00062D10D /* DetailInteractor.swift in Sources */ = {isa = PBXBuildFile; fileRef = 3670FB9528A668B00062D10D /* DetailInteractor.swift */; };
		3670FBA128A669170062D10D /* DetailDTO.swift in Sources */ = {isa = PBXBuildFile; fileRef = 3670FBA028A669170062D10D /* DetailDTO.swift */; };
		3670FBA328A669200062D10D /* DetailEndpoint.swift in Sources */ = {isa = PBXBuildFile; fileRef = 3670FBA228A669200062D10D /* DetailEndpoint.swift */; };
		3670FBA528A6692B0062D10D /* MainDTO.swift in Sources */ = {isa = PBXBuildFile; fileRef = 3670FBA428A6692B0062D10D /* MainDTO.swift */; };
		3670FBA728A669320062D10D /* MainEndpoint.swift in Sources */ = {isa = PBXBuildFile; fileRef = 3670FBA628A669320062D10D /* MainEndpoint.swift */; };
		3670FBAA28A66BEE0062D10D /* Array+Safe.swift in Sources */ = {isa = PBXBuildFile; fileRef = 3670FBA928A66BEE0062D10D /* Array+Safe.swift */; };
		3670FBAE28A66D6F0062D10D /* HTTPClient.swift in Sources */ = {isa = PBXBuildFile; fileRef = 3670FBAD28A66D6F0062D10D /* HTTPClient.swift */; };
		3670FBB228A66DC00062D10D /* Endpoint.swift in Sources */ = {isa = PBXBuildFile; fileRef = 3670FBB128A66DC00062D10D /* Endpoint.swift */; };
		3670FBB428A66E1B0062D10D /* NetworkAliases.swift in Sources */ = {isa = PBXBuildFile; fileRef = 3670FBB328A66E1B0062D10D /* NetworkAliases.swift */; };
		3670FBB828A66EC50062D10D /* NetworkConstants.swift in Sources */ = {isa = PBXBuildFile; fileRef = 3670FBB728A66EC50062D10D /* NetworkConstants.swift */; };
		3670FBBA28A66EF60062D10D /* HTTPMethod.swift in Sources */ = {isa = PBXBuildFile; fileRef = 3670FBB928A66EF60062D10D /* HTTPMethod.swift */; };
		3670FBBC28A66FD90062D10D /* HTTPRequest.swift in Sources */ = {isa = PBXBuildFile; fileRef = 3670FBBB28A66FD90062D10D /* HTTPRequest.swift */; };
		3670FBBF28A670550062D10D /* HTTPResponse.swift in Sources */ = {isa = PBXBuildFile; fileRef = 3670FBBE28A670550062D10D /* HTTPResponse.swift */; };
		3670FBC128A670FA0062D10D /* HTTPError.swift in Sources */ = {isa = PBXBuildFile; fileRef = 3670FBC028A670FA0062D10D /* HTTPError.swift */; };
		3670FBC728A799910062D10D /* CollectionView.swift in Sources */ = {isa = PBXBuildFile; fileRef = 3670FBC628A799910062D10D /* CollectionView.swift */; };
		3670FBCA28A79A530062D10D /* CollectionViewSection.swift in Sources */ = {isa = PBXBuildFile; fileRef = 3670FBC928A79A530062D10D /* CollectionViewSection.swift */; };
		3670FBCC28A79A6C0062D10D /* CollectionViewItemProtocol.swift in Sources */ = {isa = PBXBuildFile; fileRef = 3670FBCB28A79A6C0062D10D /* CollectionViewItemProtocol.swift */; };
		3670FBD028A79DD40062D10D /* CollectionViewItem.swift in Sources */ = {isa = PBXBuildFile; fileRef = 3670FBCF28A79DD40062D10D /* CollectionViewItem.swift */; };
		3670FBD228A79E3B0062D10D /* CollectionViewCellProtocol.swift in Sources */ = {isa = PBXBuildFile; fileRef = 3670FBD128A79E3B0062D10D /* CollectionViewCellProtocol.swift */; };
		3670FBD428A79E460062D10D /* CollectionViewCellModelProtocol.swift in Sources */ = {isa = PBXBuildFile; fileRef = 3670FBD328A79E460062D10D /* CollectionViewCellModelProtocol.swift */; };
		3670FBD928A79F140062D10D /* MainCollectionView.swift in Sources */ = {isa = PBXBuildFile; fileRef = 3670FBD828A79F140062D10D /* MainCollectionView.swift */; };
		3670FBDB28A7A88D0062D10D /* CollectionViewMainCell.swift in Sources */ = {isa = PBXBuildFile; fileRef = 3670FBDA28A7A88D0062D10D /* CollectionViewMainCell.swift */; };
		3670FBDD28A7B1910062D10D /* UIView+Mask.swift in Sources */ = {isa = PBXBuildFile; fileRef = 3670FBDC28A7B1910062D10D /* UIView+Mask.swift */; };
		3670FBDF28A7D25C0062D10D /* String+Basic.swift in Sources */ = {isa = PBXBuildFile; fileRef = 3670FBDE28A7D25C0062D10D /* String+Basic.swift */; };
		3670FBE228A7D8F80062D10D /* ImageDownloader.swift in Sources */ = {isa = PBXBuildFile; fileRef = 3670FBE128A7D8F80062D10D /* ImageDownloader.swift */; };
		3670FBE728A7FAA80062D10D /* ImageResizer.swift in Sources */ = {isa = PBXBuildFile; fileRef = 3670FBE628A7FAA80062D10D /* ImageResizer.swift */; };
/* End PBXBuildFile section */

/* Begin PBXContainerItemProxy section */
		3670FB5D28A667B20062D10D /* PBXContainerItemProxy */ = {
			isa = PBXContainerItemProxy;
			containerPortal = 3670FB3E28A667B10062D10D /* Project object */;
			proxyType = 1;
			remoteGlobalIDString = 3670FB4528A667B10062D10D;
			remoteInfo = CleanSwiftTestTask;
		};
		3670FB6728A667B20062D10D /* PBXContainerItemProxy */ = {
			isa = PBXContainerItemProxy;
			containerPortal = 3670FB3E28A667B10062D10D /* Project object */;
			proxyType = 1;
			remoteGlobalIDString = 3670FB4528A667B10062D10D;
			remoteInfo = CleanSwiftTestTask;
		};
/* End PBXContainerItemProxy section */

/* Begin PBXFileReference section */
		3670FB4628A667B10062D10D /* CleanSwiftTestTask.app */ = {isa = PBXFileReference; explicitFileType = wrapper.application; includeInIndex = 0; path = CleanSwiftTestTask.app; sourceTree = BUILT_PRODUCTS_DIR; };
		3670FB4928A667B10062D10D /* AppDelegate.swift */ = {isa = PBXFileReference; lastKnownFileType = sourcecode.swift; path = AppDelegate.swift; sourceTree = "<group>"; };
		3670FB4B28A667B10062D10D /* SceneDelegate.swift */ = {isa = PBXFileReference; lastKnownFileType = sourcecode.swift; path = SceneDelegate.swift; sourceTree = "<group>"; };
		3670FB5228A667B10062D10D /* Assets.xcassets */ = {isa = PBXFileReference; lastKnownFileType = folder.assetcatalog; path = Assets.xcassets; sourceTree = "<group>"; };
		3670FB5528A667B10062D10D /* Base */ = {isa = PBXFileReference; lastKnownFileType = file.storyboard; name = Base; path = Base.lproj/LaunchScreen.storyboard; sourceTree = "<group>"; };
		3670FB5728A667B10062D10D /* Info.plist */ = {isa = PBXFileReference; lastKnownFileType = text.plist.xml; name = Info.plist; path = CleanSwiftTestTask/Resources/Info.plist; sourceTree = SOURCE_ROOT; };
		3670FB5C28A667B20062D10D /* CleanSwiftTestTaskTests.xctest */ = {isa = PBXFileReference; explicitFileType = wrapper.cfbundle; includeInIndex = 0; path = CleanSwiftTestTaskTests.xctest; sourceTree = BUILT_PRODUCTS_DIR; };
		3670FB6028A667B20062D10D /* CleanSwiftTestTaskTests.swift */ = {isa = PBXFileReference; lastKnownFileType = sourcecode.swift; path = CleanSwiftTestTaskTests.swift; sourceTree = "<group>"; };
		3670FB6628A667B20062D10D /* CleanSwiftTestTaskUITests.xctest */ = {isa = PBXFileReference; explicitFileType = wrapper.cfbundle; includeInIndex = 0; path = CleanSwiftTestTaskUITests.xctest; sourceTree = BUILT_PRODUCTS_DIR; };
		3670FB6A28A667B20062D10D /* CleanSwiftTestTaskUITests.swift */ = {isa = PBXFileReference; lastKnownFileType = sourcecode.swift; path = CleanSwiftTestTaskUITests.swift; sourceTree = "<group>"; };
		3670FB6C28A667B20062D10D /* CleanSwiftTestTaskUITestsLaunchTests.swift */ = {isa = PBXFileReference; lastKnownFileType = sourcecode.swift; path = CleanSwiftTestTaskUITestsLaunchTests.swift; sourceTree = "<group>"; };
		3670FB7E28A668A60062D10D /* MainPresenter.swift */ = {isa = PBXFileReference; lastKnownFileType = sourcecode.swift; path = MainPresenter.swift; sourceTree = "<group>"; };
		3670FB7F28A668A60062D10D /* MainWorker.swift */ = {isa = PBXFileReference; lastKnownFileType = sourcecode.swift; path = MainWorker.swift; sourceTree = "<group>"; };
		3670FB8028A668A60062D10D /* MainRouter.swift */ = {isa = PBXFileReference; lastKnownFileType = sourcecode.swift; path = MainRouter.swift; sourceTree = "<group>"; };
		3670FB8128A668A60062D10D /* MainModels.swift */ = {isa = PBXFileReference; lastKnownFileType = sourcecode.swift; path = MainModels.swift; sourceTree = "<group>"; };
		3670FB8228A668A60062D10D /* MainViewController.swift */ = {isa = PBXFileReference; lastKnownFileType = sourcecode.swift; path = MainViewController.swift; sourceTree = "<group>"; };
		3670FB8328A668A60062D10D /* MainProtocols.swift */ = {isa = PBXFileReference; lastKnownFileType = sourcecode.swift; path = MainProtocols.swift; sourceTree = "<group>"; };
		3670FB8428A668A60062D10D /* MainAssembly.swift */ = {isa = PBXFileReference; lastKnownFileType = sourcecode.swift; path = MainAssembly.swift; sourceTree = "<group>"; };
		3670FB8528A668A60062D10D /* MainInteractor.swift */ = {isa = PBXFileReference; lastKnownFileType = sourcecode.swift; path = MainInteractor.swift; sourceTree = "<group>"; };
		3670FB8E28A668B00062D10D /* DetailPresenter.swift */ = {isa = PBXFileReference; lastKnownFileType = sourcecode.swift; path = DetailPresenter.swift; sourceTree = "<group>"; };
		3670FB8F28A668B00062D10D /* DetailWorker.swift */ = {isa = PBXFileReference; lastKnownFileType = sourcecode.swift; path = DetailWorker.swift; sourceTree = "<group>"; };
		3670FB9028A668B00062D10D /* DetailRouter.swift */ = {isa = PBXFileReference; lastKnownFileType = sourcecode.swift; path = DetailRouter.swift; sourceTree = "<group>"; };
		3670FB9128A668B00062D10D /* DetailModels.swift */ = {isa = PBXFileReference; lastKnownFileType = sourcecode.swift; path = DetailModels.swift; sourceTree = "<group>"; };
		3670FB9228A668B00062D10D /* DetailViewController.swift */ = {isa = PBXFileReference; lastKnownFileType = sourcecode.swift; path = DetailViewController.swift; sourceTree = "<group>"; };
		3670FB9328A668B00062D10D /* DetailProtocols.swift */ = {isa = PBXFileReference; lastKnownFileType = sourcecode.swift; path = DetailProtocols.swift; sourceTree = "<group>"; };
		3670FB9428A668B00062D10D /* DetailAssembly.swift */ = {isa = PBXFileReference; lastKnownFileType = sourcecode.swift; path = DetailAssembly.swift; sourceTree = "<group>"; };
		3670FB9528A668B00062D10D /* DetailInteractor.swift */ = {isa = PBXFileReference; lastKnownFileType = sourcecode.swift; path = DetailInteractor.swift; sourceTree = "<group>"; };
		3670FBA028A669170062D10D /* DetailDTO.swift */ = {isa = PBXFileReference; lastKnownFileType = sourcecode.swift; path = DetailDTO.swift; sourceTree = "<group>"; };
		3670FBA228A669200062D10D /* DetailEndpoint.swift */ = {isa = PBXFileReference; lastKnownFileType = sourcecode.swift; path = DetailEndpoint.swift; sourceTree = "<group>"; };
		3670FBA428A6692B0062D10D /* MainDTO.swift */ = {isa = PBXFileReference; lastKnownFileType = sourcecode.swift; path = MainDTO.swift; sourceTree = "<group>"; };
		3670FBA628A669320062D10D /* MainEndpoint.swift */ = {isa = PBXFileReference; lastKnownFileType = sourcecode.swift; path = MainEndpoint.swift; sourceTree = "<group>"; };
		3670FBA928A66BEE0062D10D /* Array+Safe.swift */ = {isa = PBXFileReference; lastKnownFileType = sourcecode.swift; path = "Array+Safe.swift"; sourceTree = "<group>"; };
		3670FBAD28A66D6F0062D10D /* HTTPClient.swift */ = {isa = PBXFileReference; lastKnownFileType = sourcecode.swift; path = HTTPClient.swift; sourceTree = "<group>"; };
		3670FBB128A66DC00062D10D /* Endpoint.swift */ = {isa = PBXFileReference; lastKnownFileType = sourcecode.swift; path = Endpoint.swift; sourceTree = "<group>"; };
		3670FBB328A66E1B0062D10D /* NetworkAliases.swift */ = {isa = PBXFileReference; lastKnownFileType = sourcecode.swift; path = NetworkAliases.swift; sourceTree = "<group>"; };
		3670FBB728A66EC50062D10D /* NetworkConstants.swift */ = {isa = PBXFileReference; lastKnownFileType = sourcecode.swift; path = NetworkConstants.swift; sourceTree = "<group>"; };
		3670FBB928A66EF60062D10D /* HTTPMethod.swift */ = {isa = PBXFileReference; lastKnownFileType = sourcecode.swift; path = HTTPMethod.swift; sourceTree = "<group>"; };
		3670FBBB28A66FD90062D10D /* HTTPRequest.swift */ = {isa = PBXFileReference; lastKnownFileType = sourcecode.swift; path = HTTPRequest.swift; sourceTree = "<group>"; };
		3670FBBE28A670550062D10D /* HTTPResponse.swift */ = {isa = PBXFileReference; lastKnownFileType = sourcecode.swift; path = HTTPResponse.swift; sourceTree = "<group>"; };
		3670FBC028A670FA0062D10D /* HTTPError.swift */ = {isa = PBXFileReference; lastKnownFileType = sourcecode.swift; path = HTTPError.swift; sourceTree = "<group>"; };
		3670FBC628A799910062D10D /* CollectionView.swift */ = {isa = PBXFileReference; lastKnownFileType = sourcecode.swift; path = CollectionView.swift; sourceTree = "<group>"; };
		3670FBC928A79A530062D10D /* CollectionViewSection.swift */ = {isa = PBXFileReference; lastKnownFileType = sourcecode.swift; path = CollectionViewSection.swift; sourceTree = "<group>"; };
		3670FBCB28A79A6C0062D10D /* CollectionViewItemProtocol.swift */ = {isa = PBXFileReference; lastKnownFileType = sourcecode.swift; path = CollectionViewItemProtocol.swift; sourceTree = "<group>"; };
		3670FBCF28A79DD40062D10D /* CollectionViewItem.swift */ = {isa = PBXFileReference; lastKnownFileType = sourcecode.swift; path = CollectionViewItem.swift; sourceTree = "<group>"; };
		3670FBD128A79E3B0062D10D /* CollectionViewCellProtocol.swift */ = {isa = PBXFileReference; lastKnownFileType = sourcecode.swift; path = CollectionViewCellProtocol.swift; sourceTree = "<group>"; };
		3670FBD328A79E460062D10D /* CollectionViewCellModelProtocol.swift */ = {isa = PBXFileReference; lastKnownFileType = sourcecode.swift; path = CollectionViewCellModelProtocol.swift; sourceTree = "<group>"; };
		3670FBD828A79F140062D10D /* MainCollectionView.swift */ = {isa = PBXFileReference; lastKnownFileType = sourcecode.swift; path = MainCollectionView.swift; sourceTree = "<group>"; };
		3670FBDA28A7A88D0062D10D /* CollectionViewMainCell.swift */ = {isa = PBXFileReference; lastKnownFileType = sourcecode.swift; path = CollectionViewMainCell.swift; sourceTree = "<group>"; };
		3670FBDC28A7B1910062D10D /* UIView+Mask.swift */ = {isa = PBXFileReference; lastKnownFileType = sourcecode.swift; path = "UIView+Mask.swift"; sourceTree = "<group>"; };
		3670FBDE28A7D25C0062D10D /* String+Basic.swift */ = {isa = PBXFileReference; lastKnownFileType = sourcecode.swift; path = "String+Basic.swift"; sourceTree = "<group>"; };
		3670FBE128A7D8F80062D10D /* ImageDownloader.swift */ = {isa = PBXFileReference; lastKnownFileType = sourcecode.swift; path = ImageDownloader.swift; sourceTree = "<group>"; };
		3670FBE628A7FAA80062D10D /* ImageResizer.swift */ = {isa = PBXFileReference; lastKnownFileType = sourcecode.swift; path = ImageResizer.swift; sourceTree = "<group>"; };
/* End PBXFileReference section */

/* Begin PBXFrameworksBuildPhase section */
		3670FB4328A667B10062D10D /* Frameworks */ = {
			isa = PBXFrameworksBuildPhase;
			buildActionMask = 2147483647;
			files = (
			);
			runOnlyForDeploymentPostprocessing = 0;
		};
		3670FB5928A667B20062D10D /* Frameworks */ = {
			isa = PBXFrameworksBuildPhase;
			buildActionMask = 2147483647;
			files = (
			);
			runOnlyForDeploymentPostprocessing = 0;
		};
		3670FB6328A667B20062D10D /* Frameworks */ = {
			isa = PBXFrameworksBuildPhase;
			buildActionMask = 2147483647;
			files = (
			);
			runOnlyForDeploymentPostprocessing = 0;
		};
/* End PBXFrameworksBuildPhase section */

/* Begin PBXGroup section */
		3670FB3D28A667B10062D10D = {
			isa = PBXGroup;
			children = (
				3670FB4828A667B10062D10D /* CleanSwiftTestTask */,
				3670FB5F28A667B20062D10D /* CleanSwiftTestTaskTests */,
				3670FB6928A667B20062D10D /* CleanSwiftTestTaskUITests */,
				3670FB4728A667B10062D10D /* Products */,
			);
			sourceTree = "<group>";
		};
		3670FB4728A667B10062D10D /* Products */ = {
			isa = PBXGroup;
			children = (
				3670FB4628A667B10062D10D /* CleanSwiftTestTask.app */,
				3670FB5C28A667B20062D10D /* CleanSwiftTestTaskTests.xctest */,
				3670FB6628A667B20062D10D /* CleanSwiftTestTaskUITests.xctest */,
			);
			name = Products;
			sourceTree = "<group>";
		};
		3670FB4828A667B10062D10D /* CleanSwiftTestTask */ = {
			isa = PBXGroup;
			children = (
				3670FB7A28A6685C0062D10D /* Application */,
				3670FB7B28A668800062D10D /* Screens */,
				3670FBA828A66BDF0062D10D /* Helpers */,
				3670FBE528A7FA9A0062D10D /* Managers */,
				3670FBC528A799790062D10D /* UIComponents */,
				3670FBAB28A66D4E0062D10D /* Network */,
				3670FB7928A667BE0062D10D /* Resources */,
			);
			path = CleanSwiftTestTask;
			sourceTree = "<group>";
		};
		3670FB5F28A667B20062D10D /* CleanSwiftTestTaskTests */ = {
			isa = PBXGroup;
			children = (
				3670FB6028A667B20062D10D /* CleanSwiftTestTaskTests.swift */,
			);
			path = CleanSwiftTestTaskTests;
			sourceTree = "<group>";
		};
		3670FB6928A667B20062D10D /* CleanSwiftTestTaskUITests */ = {
			isa = PBXGroup;
			children = (
				3670FB6A28A667B20062D10D /* CleanSwiftTestTaskUITests.swift */,
				3670FB6C28A667B20062D10D /* CleanSwiftTestTaskUITestsLaunchTests.swift */,
			);
			path = CleanSwiftTestTaskUITests;
			sourceTree = "<group>";
		};
		3670FB7928A667BE0062D10D /* Resources */ = {
			isa = PBXGroup;
			children = (
				3670FB5228A667B10062D10D /* Assets.xcassets */,
				3670FB5428A667B10062D10D /* LaunchScreen.storyboard */,
				3670FB5728A667B10062D10D /* Info.plist */,
			);
			path = Resources;
			sourceTree = "<group>";
		};
		3670FB7A28A6685C0062D10D /* Application */ = {
			isa = PBXGroup;
			children = (
				3670FB4928A667B10062D10D /* AppDelegate.swift */,
				3670FB4B28A667B10062D10D /* SceneDelegate.swift */,
			);
			path = Application;
			sourceTree = "<group>";
		};
		3670FB7B28A668800062D10D /* Screens */ = {
			isa = PBXGroup;
			children = (
				3670FB7C28A668980062D10D /* Main */,
				3670FB7D28A6689B0062D10D /* Detail */,
			);
			path = Screens;
			sourceTree = "<group>";
		};
		3670FB7C28A668980062D10D /* Main */ = {
			isa = PBXGroup;
			children = (
				3670FBD728A79EFB0062D10D /* Views */,
				3670FB9E28A669060062D10D /* Network */,
				3670FB8528A668A60062D10D /* MainInteractor.swift */,
				3670FB7E28A668A60062D10D /* MainPresenter.swift */,
				3670FB8228A668A60062D10D /* MainViewController.swift */,
				3670FB8028A668A60062D10D /* MainRouter.swift */,
				3670FB8128A668A60062D10D /* MainModels.swift */,
				3670FB8328A668A60062D10D /* MainProtocols.swift */,
				3670FB8428A668A60062D10D /* MainAssembly.swift */,
			);
			path = Main;
			sourceTree = "<group>";
		};
		3670FB7D28A6689B0062D10D /* Detail */ = {
			isa = PBXGroup;
			children = (
				3670FB9F28A6690D0062D10D /* Network */,
				3670FB9528A668B00062D10D /* DetailInteractor.swift */,
				3670FB8E28A668B00062D10D /* DetailPresenter.swift */,
				3670FB9228A668B00062D10D /* DetailViewController.swift */,
				3670FB9028A668B00062D10D /* DetailRouter.swift */,
				3670FB9128A668B00062D10D /* DetailModels.swift */,
				3670FB9328A668B00062D10D /* DetailProtocols.swift */,
				3670FB9428A668B00062D10D /* DetailAssembly.swift */,
			);
			path = Detail;
			sourceTree = "<group>";
		};
		3670FB9E28A669060062D10D /* Network */ = {
			isa = PBXGroup;
			children = (
				3670FB7F28A668A60062D10D /* MainWorker.swift */,
				3670FBA428A6692B0062D10D /* MainDTO.swift */,
				3670FBA628A669320062D10D /* MainEndpoint.swift */,
			);
			path = Network;
			sourceTree = "<group>";
		};
		3670FB9F28A6690D0062D10D /* Network */ = {
			isa = PBXGroup;
			children = (
				3670FB8F28A668B00062D10D /* DetailWorker.swift */,
				3670FBA028A669170062D10D /* DetailDTO.swift */,
				3670FBA228A669200062D10D /* DetailEndpoint.swift */,
			);
			path = Network;
			sourceTree = "<group>";
		};
		3670FBA828A66BDF0062D10D /* Helpers */ = {
			isa = PBXGroup;
			children = (
				3670FBA928A66BEE0062D10D /* Array+Safe.swift */,
				3670FBDC28A7B1910062D10D /* UIView+Mask.swift */,
				3670FBDE28A7D25C0062D10D /* String+Basic.swift */,
			);
			path = Helpers;
			sourceTree = "<group>";
		};
		3670FBAB28A66D4E0062D10D /* Network */ = {
			isa = PBXGroup;
			children = (
				3670FBE028A7D8E70062D10D /* Image */,
				3670FBAC28A66D630062D10D /* Client */,
				3670FBAF28A66D970062D10D /* Common */,
				3670FBB028A66DA00062D10D /* Request */,
				3670FBBD28A6703A0062D10D /* Response */,
			);
			path = Network;
			sourceTree = "<group>";
		};
		3670FBAC28A66D630062D10D /* Client */ = {
			isa = PBXGroup;
			children = (
				3670FBAD28A66D6F0062D10D /* HTTPClient.swift */,
			);
			path = Client;
			sourceTree = "<group>";
		};
		3670FBAF28A66D970062D10D /* Common */ = {
			isa = PBXGroup;
			children = (
				3670FBB328A66E1B0062D10D /* NetworkAliases.swift */,
				3670FBB728A66EC50062D10D /* NetworkConstants.swift */,
			);
			path = Common;
			sourceTree = "<group>";
		};
		3670FBB028A66DA00062D10D /* Request */ = {
			isa = PBXGroup;
			children = (
				3670FBB128A66DC00062D10D /* Endpoint.swift */,
				3670FBBB28A66FD90062D10D /* HTTPRequest.swift */,
				3670FBB928A66EF60062D10D /* HTTPMethod.swift */,
			);
			path = Request;
			sourceTree = "<group>";
		};
		3670FBBD28A6703A0062D10D /* Response */ = {
			isa = PBXGroup;
			children = (
				3670FBBE28A670550062D10D /* HTTPResponse.swift */,
				3670FBC028A670FA0062D10D /* HTTPError.swift */,
			);
			path = Response;
			sourceTree = "<group>";
		};
		3670FBC528A799790062D10D /* UIComponents */ = {
			isa = PBXGroup;
			children = (
				3670FBC828A79A400062D10D /* CollectionView */,
			);
			path = UIComponents;
			sourceTree = "<group>";
		};
		3670FBC828A79A400062D10D /* CollectionView */ = {
			isa = PBXGroup;
			children = (
				3670FBD628A79E580062D10D /* CollectionViewItem */,
				3670FBD528A79E4B0062D10D /* CollectionViewCell */,
				3670FBC628A799910062D10D /* CollectionView.swift */,
				3670FBC928A79A530062D10D /* CollectionViewSection.swift */,
			);
			path = CollectionView;
			sourceTree = "<group>";
		};
		3670FBD528A79E4B0062D10D /* CollectionViewCell */ = {
			isa = PBXGroup;
			children = (
				3670FBD128A79E3B0062D10D /* CollectionViewCellProtocol.swift */,
				3670FBD328A79E460062D10D /* CollectionViewCellModelProtocol.swift */,
			);
			path = CollectionViewCell;
			sourceTree = "<group>";
		};
		3670FBD628A79E580062D10D /* CollectionViewItem */ = {
			isa = PBXGroup;
			children = (
				3670FBCF28A79DD40062D10D /* CollectionViewItem.swift */,
				3670FBCB28A79A6C0062D10D /* CollectionViewItemProtocol.swift */,
			);
			path = CollectionViewItem;
			sourceTree = "<group>";
		};
		3670FBD728A79EFB0062D10D /* Views */ = {
			isa = PBXGroup;
			children = (
				3670FBD828A79F140062D10D /* MainCollectionView.swift */,
				3670FBDA28A7A88D0062D10D /* CollectionViewMainCell.swift */,
			);
			path = Views;
			sourceTree = "<group>";
		};
		3670FBE028A7D8E70062D10D /* Image */ = {
			isa = PBXGroup;
			children = (
				3670FBE128A7D8F80062D10D /* ImageDownloader.swift */,
			);
			path = Image;
			sourceTree = "<group>";
		};
		3670FBE528A7FA9A0062D10D /* Managers */ = {
			isa = PBXGroup;
			children = (
				3670FBE628A7FAA80062D10D /* ImageResizer.swift */,
			);
			path = Managers;
			sourceTree = "<group>";
		};
/* End PBXGroup section */

/* Begin PBXNativeTarget section */
		3670FB4528A667B10062D10D /* CleanSwiftTestTask */ = {
			isa = PBXNativeTarget;
			buildConfigurationList = 3670FB7028A667B20062D10D /* Build configuration list for PBXNativeTarget "CleanSwiftTestTask" */;
			buildPhases = (
				3670FB4228A667B10062D10D /* Sources */,
				3670FB4328A667B10062D10D /* Frameworks */,
				3670FB4428A667B10062D10D /* Resources */,
			);
			buildRules = (
			);
			dependencies = (
			);
			name = CleanSwiftTestTask;
			productName = CleanSwiftTestTask;
			productReference = 3670FB4628A667B10062D10D /* CleanSwiftTestTask.app */;
			productType = "com.apple.product-type.application";
		};
		3670FB5B28A667B20062D10D /* CleanSwiftTestTaskTests */ = {
			isa = PBXNativeTarget;
			buildConfigurationList = 3670FB7328A667B20062D10D /* Build configuration list for PBXNativeTarget "CleanSwiftTestTaskTests" */;
			buildPhases = (
				3670FB5828A667B20062D10D /* Sources */,
				3670FB5928A667B20062D10D /* Frameworks */,
				3670FB5A28A667B20062D10D /* Resources */,
			);
			buildRules = (
			);
			dependencies = (
				3670FB5E28A667B20062D10D /* PBXTargetDependency */,
			);
			name = CleanSwiftTestTaskTests;
			productName = CleanSwiftTestTaskTests;
			productReference = 3670FB5C28A667B20062D10D /* CleanSwiftTestTaskTests.xctest */;
			productType = "com.apple.product-type.bundle.unit-test";
		};
		3670FB6528A667B20062D10D /* CleanSwiftTestTaskUITests */ = {
			isa = PBXNativeTarget;
			buildConfigurationList = 3670FB7628A667B20062D10D /* Build configuration list for PBXNativeTarget "CleanSwiftTestTaskUITests" */;
			buildPhases = (
				3670FB6228A667B20062D10D /* Sources */,
				3670FB6328A667B20062D10D /* Frameworks */,
				3670FB6428A667B20062D10D /* Resources */,
			);
			buildRules = (
			);
			dependencies = (
				3670FB6828A667B20062D10D /* PBXTargetDependency */,
			);
			name = CleanSwiftTestTaskUITests;
			productName = CleanSwiftTestTaskUITests;
			productReference = 3670FB6628A667B20062D10D /* CleanSwiftTestTaskUITests.xctest */;
			productType = "com.apple.product-type.bundle.ui-testing";
		};
/* End PBXNativeTarget section */

/* Begin PBXProject section */
		3670FB3E28A667B10062D10D /* Project object */ = {
			isa = PBXProject;
			attributes = {
				BuildIndependentTargetsInParallel = 1;
				LastSwiftUpdateCheck = 1340;
				LastUpgradeCheck = 1340;
				TargetAttributes = {
					3670FB4528A667B10062D10D = {
						CreatedOnToolsVersion = 13.4.1;
					};
					3670FB5B28A667B20062D10D = {
						CreatedOnToolsVersion = 13.4.1;
						TestTargetID = 3670FB4528A667B10062D10D;
					};
					3670FB6528A667B20062D10D = {
						CreatedOnToolsVersion = 13.4.1;
						TestTargetID = 3670FB4528A667B10062D10D;
					};
				};
			};
			buildConfigurationList = 3670FB4128A667B10062D10D /* Build configuration list for PBXProject "CleanSwiftTestTask" */;
			compatibilityVersion = "Xcode 13.0";
			developmentRegion = en;
			hasScannedForEncodings = 0;
			knownRegions = (
				en,
				Base,
			);
			mainGroup = 3670FB3D28A667B10062D10D;
			productRefGroup = 3670FB4728A667B10062D10D /* Products */;
			projectDirPath = "";
			projectRoot = "";
			targets = (
				3670FB4528A667B10062D10D /* CleanSwiftTestTask */,
				3670FB5B28A667B20062D10D /* CleanSwiftTestTaskTests */,
				3670FB6528A667B20062D10D /* CleanSwiftTestTaskUITests */,
			);
		};
/* End PBXProject section */

/* Begin PBXResourcesBuildPhase section */
		3670FB4428A667B10062D10D /* Resources */ = {
			isa = PBXResourcesBuildPhase;
			buildActionMask = 2147483647;
			files = (
				3670FB5628A667B10062D10D /* LaunchScreen.storyboard in Resources */,
				3670FB5328A667B10062D10D /* Assets.xcassets in Resources */,
			);
			runOnlyForDeploymentPostprocessing = 0;
		};
		3670FB5A28A667B20062D10D /* Resources */ = {
			isa = PBXResourcesBuildPhase;
			buildActionMask = 2147483647;
			files = (
			);
			runOnlyForDeploymentPostprocessing = 0;
		};
		3670FB6428A667B20062D10D /* Resources */ = {
			isa = PBXResourcesBuildPhase;
			buildActionMask = 2147483647;
			files = (
			);
			runOnlyForDeploymentPostprocessing = 0;
		};
/* End PBXResourcesBuildPhase section */

/* Begin PBXSourcesBuildPhase section */
		3670FB4228A667B10062D10D /* Sources */ = {
			isa = PBXSourcesBuildPhase;
			buildActionMask = 2147483647;
			files = (
				3670FBB828A66EC50062D10D /* NetworkConstants.swift in Sources */,
				3670FBA128A669170062D10D /* DetailDTO.swift in Sources */,
				3670FB8C28A668A60062D10D /* MainAssembly.swift in Sources */,
				3670FBA528A6692B0062D10D /* MainDTO.swift in Sources */,
				3670FBA728A669320062D10D /* MainEndpoint.swift in Sources */,
				3670FBDB28A7A88D0062D10D /* CollectionViewMainCell.swift in Sources */,
				3670FB4A28A667B10062D10D /* AppDelegate.swift in Sources */,
				3670FBC128A670FA0062D10D /* HTTPError.swift in Sources */,
				3670FBD428A79E460062D10D /* CollectionViewCellModelProtocol.swift in Sources */,
				3670FB8B28A668A60062D10D /* MainProtocols.swift in Sources */,
				3670FBD028A79DD40062D10D /* CollectionViewItem.swift in Sources */,
				3670FBA328A669200062D10D /* DetailEndpoint.swift in Sources */,
				3670FBBC28A66FD90062D10D /* HTTPRequest.swift in Sources */,
				3670FB9728A668B00062D10D /* DetailWorker.swift in Sources */,
				3670FB9828A668B00062D10D /* DetailRouter.swift in Sources */,
				3670FB4C28A667B10062D10D /* SceneDelegate.swift in Sources */,
				3670FBE228A7D8F80062D10D /* ImageDownloader.swift in Sources */,
				3670FBBF28A670550062D10D /* HTTPResponse.swift in Sources */,
				3670FBCC28A79A6C0062D10D /* CollectionViewItemProtocol.swift in Sources */,
				3670FBAE28A66D6F0062D10D /* HTTPClient.swift in Sources */,
				3670FB9D28A668B00062D10D /* DetailInteractor.swift in Sources */,
				3670FB9A28A668B00062D10D /* DetailViewController.swift in Sources */,
				3670FB9B28A668B00062D10D /* DetailProtocols.swift in Sources */,
				3670FBE728A7FAA80062D10D /* ImageResizer.swift in Sources */,
				3670FBAA28A66BEE0062D10D /* Array+Safe.swift in Sources */,
				3670FBBA28A66EF60062D10D /* HTTPMethod.swift in Sources */,
				3670FB8728A668A60062D10D /* MainWorker.swift in Sources */,
				3670FBCA28A79A530062D10D /* CollectionViewSection.swift in Sources */,
				3670FB9928A668B00062D10D /* DetailModels.swift in Sources */,
				3670FBC728A799910062D10D /* CollectionView.swift in Sources */,
				3670FBD928A79F140062D10D /* MainCollectionView.swift in Sources */,
				3670FB8D28A668A60062D10D /* MainInteractor.swift in Sources */,
				3670FB8628A668A60062D10D /* MainPresenter.swift in Sources */,
				3670FBB428A66E1B0062D10D /* NetworkAliases.swift in Sources */,
				3670FBDD28A7B1910062D10D /* UIView+Mask.swift in Sources */,
				3670FB8928A668A60062D10D /* MainModels.swift in Sources */,
				3670FBDF28A7D25C0062D10D /* String+Basic.swift in Sources */,
				3670FB8828A668A60062D10D /* MainRouter.swift in Sources */,
				3670FB8A28A668A60062D10D /* MainViewController.swift in Sources */,
				3670FBD228A79E3B0062D10D /* CollectionViewCellProtocol.swift in Sources */,
				3670FB9C28A668B00062D10D /* DetailAssembly.swift in Sources */,
				3670FB9628A668B00062D10D /* DetailPresenter.swift in Sources */,
				3670FBB228A66DC00062D10D /* Endpoint.swift in Sources */,
			);
			runOnlyForDeploymentPostprocessing = 0;
		};
		3670FB5828A667B20062D10D /* Sources */ = {
			isa = PBXSourcesBuildPhase;
			buildActionMask = 2147483647;
			files = (
				3670FB6128A667B20062D10D /* CleanSwiftTestTaskTests.swift in Sources */,
			);
			runOnlyForDeploymentPostprocessing = 0;
		};
		3670FB6228A667B20062D10D /* Sources */ = {
			isa = PBXSourcesBuildPhase;
			buildActionMask = 2147483647;
			files = (
				3670FB6B28A667B20062D10D /* CleanSwiftTestTaskUITests.swift in Sources */,
				3670FB6D28A667B20062D10D /* CleanSwiftTestTaskUITestsLaunchTests.swift in Sources */,
			);
			runOnlyForDeploymentPostprocessing = 0;
		};
/* End PBXSourcesBuildPhase section */

/* Begin PBXTargetDependency section */
		3670FB5E28A667B20062D10D /* PBXTargetDependency */ = {
			isa = PBXTargetDependency;
			target = 3670FB4528A667B10062D10D /* CleanSwiftTestTask */;
			targetProxy = 3670FB5D28A667B20062D10D /* PBXContainerItemProxy */;
		};
		3670FB6828A667B20062D10D /* PBXTargetDependency */ = {
			isa = PBXTargetDependency;
			target = 3670FB4528A667B10062D10D /* CleanSwiftTestTask */;
			targetProxy = 3670FB6728A667B20062D10D /* PBXContainerItemProxy */;
		};
/* End PBXTargetDependency section */

/* Begin PBXVariantGroup section */
		3670FB5428A667B10062D10D /* LaunchScreen.storyboard */ = {
			isa = PBXVariantGroup;
			children = (
				3670FB5528A667B10062D10D /* Base */,
			);
			name = LaunchScreen.storyboard;
			sourceTree = "<group>";
		};
/* End PBXVariantGroup section */

/* Begin XCBuildConfiguration section */
		3670FB6E28A667B20062D10D /* Debug */ = {
			isa = XCBuildConfiguration;
			buildSettings = {
				ALWAYS_SEARCH_USER_PATHS = NO;
				CLANG_ANALYZER_NONNULL = YES;
				CLANG_ANALYZER_NUMBER_OBJECT_CONVERSION = YES_AGGRESSIVE;
				CLANG_CXX_LANGUAGE_STANDARD = "gnu++17";
				CLANG_ENABLE_MODULES = YES;
				CLANG_ENABLE_OBJC_ARC = YES;
				CLANG_ENABLE_OBJC_WEAK = YES;
				CLANG_WARN_BLOCK_CAPTURE_AUTORELEASING = YES;
				CLANG_WARN_BOOL_CONVERSION = YES;
				CLANG_WARN_COMMA = YES;
				CLANG_WARN_CONSTANT_CONVERSION = YES;
				CLANG_WARN_DEPRECATED_OBJC_IMPLEMENTATIONS = YES;
				CLANG_WARN_DIRECT_OBJC_ISA_USAGE = YES_ERROR;
				CLANG_WARN_DOCUMENTATION_COMMENTS = YES;
				CLANG_WARN_EMPTY_BODY = YES;
				CLANG_WARN_ENUM_CONVERSION = YES;
				CLANG_WARN_INFINITE_RECURSION = YES;
				CLANG_WARN_INT_CONVERSION = YES;
				CLANG_WARN_NON_LITERAL_NULL_CONVERSION = YES;
				CLANG_WARN_OBJC_IMPLICIT_RETAIN_SELF = YES;
				CLANG_WARN_OBJC_LITERAL_CONVERSION = YES;
				CLANG_WARN_OBJC_ROOT_CLASS = YES_ERROR;
				CLANG_WARN_QUOTED_INCLUDE_IN_FRAMEWORK_HEADER = YES;
				CLANG_WARN_RANGE_LOOP_ANALYSIS = YES;
				CLANG_WARN_STRICT_PROTOTYPES = YES;
				CLANG_WARN_SUSPICIOUS_MOVE = YES;
				CLANG_WARN_UNGUARDED_AVAILABILITY = YES_AGGRESSIVE;
				CLANG_WARN_UNREACHABLE_CODE = YES;
				CLANG_WARN__DUPLICATE_METHOD_MATCH = YES;
				COPY_PHASE_STRIP = NO;
				DEBUG_INFORMATION_FORMAT = dwarf;
				ENABLE_STRICT_OBJC_MSGSEND = YES;
				ENABLE_TESTABILITY = YES;
				GCC_C_LANGUAGE_STANDARD = gnu11;
				GCC_DYNAMIC_NO_PIC = NO;
				GCC_NO_COMMON_BLOCKS = YES;
				GCC_OPTIMIZATION_LEVEL = 0;
				GCC_PREPROCESSOR_DEFINITIONS = (
					"DEBUG=1",
					"$(inherited)",
				);
				GCC_WARN_64_TO_32_BIT_CONVERSION = YES;
				GCC_WARN_ABOUT_RETURN_TYPE = YES_ERROR;
				GCC_WARN_UNDECLARED_SELECTOR = YES;
				GCC_WARN_UNINITIALIZED_AUTOS = YES_AGGRESSIVE;
				GCC_WARN_UNUSED_FUNCTION = YES;
				GCC_WARN_UNUSED_VARIABLE = YES;
				IPHONEOS_DEPLOYMENT_TARGET = 15.5;
				MTL_ENABLE_DEBUG_INFO = INCLUDE_SOURCE;
				MTL_FAST_MATH = YES;
				ONLY_ACTIVE_ARCH = YES;
				SDKROOT = iphoneos;
				SWIFT_ACTIVE_COMPILATION_CONDITIONS = DEBUG;
				SWIFT_OPTIMIZATION_LEVEL = "-Onone";
			};
			name = Debug;
		};
		3670FB6F28A667B20062D10D /* Release */ = {
			isa = XCBuildConfiguration;
			buildSettings = {
				ALWAYS_SEARCH_USER_PATHS = NO;
				CLANG_ANALYZER_NONNULL = YES;
				CLANG_ANALYZER_NUMBER_OBJECT_CONVERSION = YES_AGGRESSIVE;
				CLANG_CXX_LANGUAGE_STANDARD = "gnu++17";
				CLANG_ENABLE_MODULES = YES;
				CLANG_ENABLE_OBJC_ARC = YES;
				CLANG_ENABLE_OBJC_WEAK = YES;
				CLANG_WARN_BLOCK_CAPTURE_AUTORELEASING = YES;
				CLANG_WARN_BOOL_CONVERSION = YES;
				CLANG_WARN_COMMA = YES;
				CLANG_WARN_CONSTANT_CONVERSION = YES;
				CLANG_WARN_DEPRECATED_OBJC_IMPLEMENTATIONS = YES;
				CLANG_WARN_DIRECT_OBJC_ISA_USAGE = YES_ERROR;
				CLANG_WARN_DOCUMENTATION_COMMENTS = YES;
				CLANG_WARN_EMPTY_BODY = YES;
				CLANG_WARN_ENUM_CONVERSION = YES;
				CLANG_WARN_INFINITE_RECURSION = YES;
				CLANG_WARN_INT_CONVERSION = YES;
				CLANG_WARN_NON_LITERAL_NULL_CONVERSION = YES;
				CLANG_WARN_OBJC_IMPLICIT_RETAIN_SELF = YES;
				CLANG_WARN_OBJC_LITERAL_CONVERSION = YES;
				CLANG_WARN_OBJC_ROOT_CLASS = YES_ERROR;
				CLANG_WARN_QUOTED_INCLUDE_IN_FRAMEWORK_HEADER = YES;
				CLANG_WARN_RANGE_LOOP_ANALYSIS = YES;
				CLANG_WARN_STRICT_PROTOTYPES = YES;
				CLANG_WARN_SUSPICIOUS_MOVE = YES;
				CLANG_WARN_UNGUARDED_AVAILABILITY = YES_AGGRESSIVE;
				CLANG_WARN_UNREACHABLE_CODE = YES;
				CLANG_WARN__DUPLICATE_METHOD_MATCH = YES;
				COPY_PHASE_STRIP = NO;
				DEBUG_INFORMATION_FORMAT = "dwarf-with-dsym";
				ENABLE_NS_ASSERTIONS = NO;
				ENABLE_STRICT_OBJC_MSGSEND = YES;
				GCC_C_LANGUAGE_STANDARD = gnu11;
				GCC_NO_COMMON_BLOCKS = YES;
				GCC_WARN_64_TO_32_BIT_CONVERSION = YES;
				GCC_WARN_ABOUT_RETURN_TYPE = YES_ERROR;
				GCC_WARN_UNDECLARED_SELECTOR = YES;
				GCC_WARN_UNINITIALIZED_AUTOS = YES_AGGRESSIVE;
				GCC_WARN_UNUSED_FUNCTION = YES;
				GCC_WARN_UNUSED_VARIABLE = YES;
				IPHONEOS_DEPLOYMENT_TARGET = 15.5;
				MTL_ENABLE_DEBUG_INFO = NO;
				MTL_FAST_MATH = YES;
				SDKROOT = iphoneos;
				SWIFT_COMPILATION_MODE = wholemodule;
				SWIFT_OPTIMIZATION_LEVEL = "-O";
				VALIDATE_PRODUCT = YES;
			};
			name = Release;
		};
		3670FB7128A667B20062D10D /* Debug */ = {
			isa = XCBuildConfiguration;
			buildSettings = {
				ASSETCATALOG_COMPILER_APPICON_NAME = AppIcon;
				ASSETCATALOG_COMPILER_GLOBAL_ACCENT_COLOR_NAME = AccentColor;
				CODE_SIGN_STYLE = Automatic;
				CURRENT_PROJECT_VERSION = 1;
				GENERATE_INFOPLIST_FILE = YES;
				INFOPLIST_FILE = CleanSwiftTestTask/Resources/Info.plist;
				INFOPLIST_KEY_UIApplicationSupportsIndirectInputEvents = YES;
				INFOPLIST_KEY_UILaunchStoryboardName = LaunchScreen;
				INFOPLIST_KEY_UIMainStoryboardFile = LaunchScreen;
				INFOPLIST_KEY_UISupportedInterfaceOrientations_iPad = "UIInterfaceOrientationPortrait UIInterfaceOrientationPortraitUpsideDown UIInterfaceOrientationLandscapeLeft UIInterfaceOrientationLandscapeRight";
				INFOPLIST_KEY_UISupportedInterfaceOrientations_iPhone = "UIInterfaceOrientationPortrait UIInterfaceOrientationLandscapeLeft UIInterfaceOrientationLandscapeRight";
				IPHONEOS_DEPLOYMENT_TARGET = 15.5;
				LD_RUNPATH_SEARCH_PATHS = (
					"$(inherited)",
					"@executable_path/Frameworks",
				);
				MARKETING_VERSION = 1.0;
				PRODUCT_BUNDLE_IDENTIFIER = vladNovik.CleanSwiftTestTask;
				PRODUCT_NAME = "$(TARGET_NAME)";
				SWIFT_EMIT_LOC_STRINGS = YES;
				SWIFT_VERSION = 5.0;
				TARGETED_DEVICE_FAMILY = 1;
			};
			name = Debug;
		};
		3670FB7228A667B20062D10D /* Release */ = {
			isa = XCBuildConfiguration;
			buildSettings = {
				ASSETCATALOG_COMPILER_APPICON_NAME = AppIcon;
				ASSETCATALOG_COMPILER_GLOBAL_ACCENT_COLOR_NAME = AccentColor;
				CODE_SIGN_STYLE = Automatic;
				CURRENT_PROJECT_VERSION = 1;
				GENERATE_INFOPLIST_FILE = YES;
				INFOPLIST_FILE = CleanSwiftTestTask/Resources/Info.plist;
				INFOPLIST_KEY_UIApplicationSupportsIndirectInputEvents = YES;
				INFOPLIST_KEY_UILaunchStoryboardName = LaunchScreen;
				INFOPLIST_KEY_UIMainStoryboardFile = LaunchScreen;
				INFOPLIST_KEY_UISupportedInterfaceOrientations_iPad = "UIInterfaceOrientationPortrait UIInterfaceOrientationPortraitUpsideDown UIInterfaceOrientationLandscapeLeft UIInterfaceOrientationLandscapeRight";
				INFOPLIST_KEY_UISupportedInterfaceOrientations_iPhone = "UIInterfaceOrientationPortrait UIInterfaceOrientationLandscapeLeft UIInterfaceOrientationLandscapeRight";
				IPHONEOS_DEPLOYMENT_TARGET = 15.5;
				LD_RUNPATH_SEARCH_PATHS = (
					"$(inherited)",
					"@executable_path/Frameworks",
				);
				MARKETING_VERSION = 1.0;
				PRODUCT_BUNDLE_IDENTIFIER = vladNovik.CleanSwiftTestTask;
				PRODUCT_NAME = "$(TARGET_NAME)";
				SWIFT_EMIT_LOC_STRINGS = YES;
				SWIFT_VERSION = 5.0;
				TARGETED_DEVICE_FAMILY = 1;
			};
			name = Release;
		};
		3670FB7428A667B20062D10D /* Debug */ = {
			isa = XCBuildConfiguration;
			buildSettings = {
				ALWAYS_EMBED_SWIFT_STANDARD_LIBRARIES = YES;
				BUNDLE_LOADER = "$(TEST_HOST)";
				CODE_SIGN_STYLE = Automatic;
				CURRENT_PROJECT_VERSION = 1;
				GENERATE_INFOPLIST_FILE = YES;
				IPHONEOS_DEPLOYMENT_TARGET = 15.5;
				MARKETING_VERSION = 1.0;
				PRODUCT_BUNDLE_IDENTIFIER = vladNovik.CleanSwiftTestTaskTests;
				PRODUCT_NAME = "$(TARGET_NAME)";
				SWIFT_EMIT_LOC_STRINGS = NO;
				SWIFT_VERSION = 5.0;
				TARGETED_DEVICE_FAMILY = "1,2";
				TEST_HOST = "$(BUILT_PRODUCTS_DIR)/CleanSwiftTestTask.app/CleanSwiftTestTask";
			};
			name = Debug;
		};
		3670FB7528A667B20062D10D /* Release */ = {
			isa = XCBuildConfiguration;
			buildSettings = {
				ALWAYS_EMBED_SWIFT_STANDARD_LIBRARIES = YES;
				BUNDLE_LOADER = "$(TEST_HOST)";
				CODE_SIGN_STYLE = Automatic;
				CURRENT_PROJECT_VERSION = 1;
				GENERATE_INFOPLIST_FILE = YES;
				IPHONEOS_DEPLOYMENT_TARGET = 15.5;
				MARKETING_VERSION = 1.0;
				PRODUCT_BUNDLE_IDENTIFIER = vladNovik.CleanSwiftTestTaskTests;
				PRODUCT_NAME = "$(TARGET_NAME)";
				SWIFT_EMIT_LOC_STRINGS = NO;
				SWIFT_VERSION = 5.0;
				TARGETED_DEVICE_FAMILY = "1,2";
				TEST_HOST = "$(BUILT_PRODUCTS_DIR)/CleanSwiftTestTask.app/CleanSwiftTestTask";
			};
			name = Release;
		};
		3670FB7728A667B20062D10D /* Debug */ = {
			isa = XCBuildConfiguration;
			buildSettings = {
				ALWAYS_EMBED_SWIFT_STANDARD_LIBRARIES = YES;
				CODE_SIGN_STYLE = Automatic;
				CURRENT_PROJECT_VERSION = 1;
				GENERATE_INFOPLIST_FILE = YES;
				MARKETING_VERSION = 1.0;
				PRODUCT_BUNDLE_IDENTIFIER = vladNovik.CleanSwiftTestTaskUITests;
				PRODUCT_NAME = "$(TARGET_NAME)";
				SWIFT_EMIT_LOC_STRINGS = NO;
				SWIFT_VERSION = 5.0;
				TARGETED_DEVICE_FAMILY = "1,2";
				TEST_TARGET_NAME = CleanSwiftTestTask;
			};
			name = Debug;
		};
		3670FB7828A667B20062D10D /* Release */ = {
			isa = XCBuildConfiguration;
			buildSettings = {
				ALWAYS_EMBED_SWIFT_STANDARD_LIBRARIES = YES;
				CODE_SIGN_STYLE = Automatic;
				CURRENT_PROJECT_VERSION = 1;
				GENERATE_INFOPLIST_FILE = YES;
				MARKETING_VERSION = 1.0;
				PRODUCT_BUNDLE_IDENTIFIER = vladNovik.CleanSwiftTestTaskUITests;
				PRODUCT_NAME = "$(TARGET_NAME)";
				SWIFT_EMIT_LOC_STRINGS = NO;
				SWIFT_VERSION = 5.0;
				TARGETED_DEVICE_FAMILY = "1,2";
				TEST_TARGET_NAME = CleanSwiftTestTask;
			};
			name = Release;
		};
/* End XCBuildConfiguration section */

/* Begin XCConfigurationList section */
		3670FB4128A667B10062D10D /* Build configuration list for PBXProject "CleanSwiftTestTask" */ = {
			isa = XCConfigurationList;
			buildConfigurations = (
				3670FB6E28A667B20062D10D /* Debug */,
				3670FB6F28A667B20062D10D /* Release */,
			);
			defaultConfigurationIsVisible = 0;
			defaultConfigurationName = Release;
		};
		3670FB7028A667B20062D10D /* Build configuration list for PBXNativeTarget "CleanSwiftTestTask" */ = {
			isa = XCConfigurationList;
			buildConfigurations = (
				3670FB7128A667B20062D10D /* Debug */,
				3670FB7228A667B20062D10D /* Release */,
			);
			defaultConfigurationIsVisible = 0;
			defaultConfigurationName = Release;
		};
		3670FB7328A667B20062D10D /* Build configuration list for PBXNativeTarget "CleanSwiftTestTaskTests" */ = {
			isa = XCConfigurationList;
			buildConfigurations = (
				3670FB7428A667B20062D10D /* Debug */,
				3670FB7528A667B20062D10D /* Release */,
			);
			defaultConfigurationIsVisible = 0;
			defaultConfigurationName = Release;
		};
		3670FB7628A667B20062D10D /* Build configuration list for PBXNativeTarget "CleanSwiftTestTaskUITests" */ = {
			isa = XCConfigurationList;
			buildConfigurations = (
				3670FB7728A667B20062D10D /* Debug */,
				3670FB7828A667B20062D10D /* Release */,
			);
			defaultConfigurationIsVisible = 0;
			defaultConfigurationName = Release;
		};
/* End XCConfigurationList section */
	};
	rootObject = 3670FB3E28A667B10062D10D /* Project object */;
}
